
Microsoft Visual Studio Solution File, Format Version 12.00
# Visual Studio 15
VisualStudioVersion = 15.0.28010.2041
MinimumVisualStudioVersion = 10.0.40219.1
Project("{00D1A9C2-B5F0-4AF3-8072-F6C62B433612}") = "Chinook", "Chinook\Chinook.sqlproj", "{553C744E-2748-4364-A537-3D6E3B903007}"
EndProject
Global
	GlobalSection(SolutionConfigurationPlatforms) = preSolution
		Debug|Any CPU = Debug|Any CPU
		Release|Any CPU = Release|Any CPU
	EndGlobalSection
	GlobalSection(ProjectConfigurationPlatforms) = postSolution
		{553C744E-2748-4364-A537-3D6E3B903007}.Debug|Any CPU.ActiveCfg = Debug|Any CPU
		{553C744E-2748-4364-A537-3D6E3B903007}.Debug|Any CPU.Build.0 = Debug|Any CPU
		{553C744E-2748-4364-A537-3D6E3B903007}.Debug|Any CPU.Deploy.0 = Debug|Any CPU
		{553C744E-2748-4364-A537-3D6E3B903007}.Release|Any CPU.ActiveCfg = Release|Any CPU
		{553C744E-2748-4364-A537-3D6E3B903007}.Release|Any CPU.Build.0 = Release|Any CPU
		{553C744E-2748-4364-A537-3D6E3B903007}.Release|Any CPU.Deploy.0 = Release|Any CPU
	EndGlobalSection
	GlobalSection(SolutionProperties) = preSolution
		HideSolutionNode = FALSE
	EndGlobalSection
	GlobalSection(ExtensibilityGlobals) = postSolution
		SolutionGuid = {1A6C2F3B-020E-4CDA-AD73-17FF794E92B6}
	EndGlobalSection
EndGlobal
